
Microsoft Visual Studio Solution File, Format Version 12.00
# Visual Studio Version 17
VisualStudioVersion = 17.9.34728.123
MinimumVisualStudioVersion = 10.0.40219.1
Project("{FAE04EC0-301F-11D3-BF4B-00C04F79EFBC}") = "larrys-array", "larrys-array\larrys-array.csproj", "{7317AE6C-11D2-4A00-A8AE-AB40F1FD1849}"
EndProject
Global
	GlobalSection(SolutionConfigurationPlatforms) = preSolution
		Debug|Any CPU = Debug|Any CPU
		Release|Any CPU = Release|Any CPU
	EndGlobalSection
	GlobalSection(ProjectConfigurationPlatforms) = postSolution
		{7317AE6C-11D2-4A00-A8AE-AB40F1FD1849}.Debug|Any CPU.ActiveCfg = Debug|Any CPU
		{7317AE6C-11D2-4A00-A8AE-AB40F1FD1849}.Debug|Any CPU.Build.0 = Debug|Any CPU
		{7317AE6C-11D2-4A00-A8AE-AB40F1FD1849}.Release|Any CPU.ActiveCfg = Release|Any CPU
		{7317AE6C-11D2-4A00-A8AE-AB40F1FD1849}.Release|Any CPU.Build.0 = Release|Any CPU
	EndGlobalSection
	GlobalSection(SolutionProperties) = preSolution
		HideSolutionNode = FALSE
	EndGlobalSection
	GlobalSection(ExtensibilityGlobals) = postSolution
		SolutionGuid = {1B23B386-C950-473D-A220-8541D2DC63C4}
	EndGlobalSection
EndGlobal
