
Microsoft Visual Studio Solution File, Format Version 12.00
# Visual Studio Version 17
VisualStudioVersion = 17.9.34728.123
MinimumVisualStudioVersion = 10.0.40219.1
Project("{FAE04EC0-301F-11D3-BF4B-00C04F79EFBC}") = "Utopian Tree", "Utopian Tree\Utopian Tree.csproj", "{1739D424-038F-478C-93F3-2693F9541148}"
EndProject
Global
	GlobalSection(SolutionConfigurationPlatforms) = preSolution
		Debug|Any CPU = Debug|Any CPU
		Release|Any CPU = Release|Any CPU
	EndGlobalSection
	GlobalSection(ProjectConfigurationPlatforms) = postSolution
		{1739D424-038F-478C-93F3-2693F9541148}.Debug|Any CPU.ActiveCfg = Debug|Any CPU
		{1739D424-038F-478C-93F3-2693F9541148}.Debug|Any CPU.Build.0 = Debug|Any CPU
		{1739D424-038F-478C-93F3-2693F9541148}.Release|Any CPU.ActiveCfg = Release|Any CPU
		{1739D424-038F-478C-93F3-2693F9541148}.Release|Any CPU.Build.0 = Release|Any CPU
	EndGlobalSection
	GlobalSection(SolutionProperties) = preSolution
		HideSolutionNode = FALSE
	EndGlobalSection
	GlobalSection(ExtensibilityGlobals) = postSolution
		SolutionGuid = {3DCDB187-AFAD-4375-898B-90F02EF8D565}
	EndGlobalSection
EndGlobal
