
Microsoft Visual Studio Solution File, Format Version 12.00
# Visual Studio Version 17
VisualStudioVersion = 17.9.34728.123
MinimumVisualStudioVersion = 10.0.40219.1
Project("{FAE04EC0-301F-11D3-BF4B-00C04F79EFBC}") = "pylons", "pylons\pylons.csproj", "{17FC9366-713E-46CA-807D-5F801B1094DD}"
EndProject
Global
	GlobalSection(SolutionConfigurationPlatforms) = preSolution
		Debug|Any CPU = Debug|Any CPU
		Release|Any CPU = Release|Any CPU
	EndGlobalSection
	GlobalSection(ProjectConfigurationPlatforms) = postSolution
		{17FC9366-713E-46CA-807D-5F801B1094DD}.Debug|Any CPU.ActiveCfg = Debug|Any CPU
		{17FC9366-713E-46CA-807D-5F801B1094DD}.Debug|Any CPU.Build.0 = Debug|Any CPU
		{17FC9366-713E-46CA-807D-5F801B1094DD}.Release|Any CPU.ActiveCfg = Release|Any CPU
		{17FC9366-713E-46CA-807D-5F801B1094DD}.Release|Any CPU.Build.0 = Release|Any CPU
	EndGlobalSection
	GlobalSection(SolutionProperties) = preSolution
		HideSolutionNode = FALSE
	EndGlobalSection
	GlobalSection(ExtensibilityGlobals) = postSolution
		SolutionGuid = {CAB8DE3A-D2C5-4C8C-A1ED-1E0858E94A15}
	EndGlobalSection
EndGlobal
