
Microsoft Visual Studio Solution File, Format Version 12.00
# Visual Studio Version 17
VisualStudioVersion = 17.9.34728.123
MinimumVisualStudioVersion = 10.0.40219.1
Project("{FAE04EC0-301F-11D3-BF4B-00C04F79EFBC}") = "Closest Numbers", "Closest Numbers\Closest Numbers.csproj", "{599FFEE0-89EC-413F-AFF3-D6D973C5C3BC}"
EndProject
Global
	GlobalSection(SolutionConfigurationPlatforms) = preSolution
		Debug|Any CPU = Debug|Any CPU
		Release|Any CPU = Release|Any CPU
	EndGlobalSection
	GlobalSection(ProjectConfigurationPlatforms) = postSolution
		{599FFEE0-89EC-413F-AFF3-D6D973C5C3BC}.Debug|Any CPU.ActiveCfg = Debug|Any CPU
		{599FFEE0-89EC-413F-AFF3-D6D973C5C3BC}.Debug|Any CPU.Build.0 = Debug|Any CPU
		{599FFEE0-89EC-413F-AFF3-D6D973C5C3BC}.Release|Any CPU.ActiveCfg = Release|Any CPU
		{599FFEE0-89EC-413F-AFF3-D6D973C5C3BC}.Release|Any CPU.Build.0 = Release|Any CPU
	EndGlobalSection
	GlobalSection(SolutionProperties) = preSolution
		HideSolutionNode = FALSE
	EndGlobalSection
	GlobalSection(ExtensibilityGlobals) = postSolution
		SolutionGuid = {2B37FCEE-7CF5-44D6-A534-1625BE14D552}
	EndGlobalSection
EndGlobal
