
Microsoft Visual Studio Solution File, Format Version 12.00
# Visual Studio Version 17
VisualStudioVersion = 17.14.36109.1 d17.14
MinimumVisualStudioVersion = 10.0.40219.1
Project("{FAE04EC0-301F-11D3-BF4B-00C04F79EFBC}") = "Between Two Sets", "Between Two Sets\Between Two Sets.csproj", "{0D86C64F-C829-4520-A23B-ECB20019E1BC}"
EndProject
Global
	GlobalSection(SolutionConfigurationPlatforms) = preSolution
		Debug|Any CPU = Debug|Any CPU
		Release|Any CPU = Release|Any CPU
	EndGlobalSection
	GlobalSection(ProjectConfigurationPlatforms) = postSolution
		{0D86C64F-C829-4520-A23B-ECB20019E1BC}.Debug|Any CPU.ActiveCfg = Debug|Any CPU
		{0D86C64F-C829-4520-A23B-ECB20019E1BC}.Debug|Any CPU.Build.0 = Debug|Any CPU
		{0D86C64F-C829-4520-A23B-ECB20019E1BC}.Release|Any CPU.ActiveCfg = Release|Any CPU
		{0D86C64F-C829-4520-A23B-ECB20019E1BC}.Release|Any CPU.Build.0 = Release|Any CPU
	EndGlobalSection
	GlobalSection(SolutionProperties) = preSolution
		HideSolutionNode = FALSE
	EndGlobalSection
	GlobalSection(ExtensibilityGlobals) = postSolution
		SolutionGuid = {D45E3BEE-0EFC-4BFF-8714-FAF5871A4006}
	EndGlobalSection
EndGlobal
