
Microsoft Visual Studio Solution File, Format Version 12.00
# Visual Studio Version 17
VisualStudioVersion = 17.9.34728.123
MinimumVisualStudioVersion = 10.0.40219.1
Project("{FAE04EC0-301F-11D3-BF4B-00C04F79EFBC}") = "strange-code", "strange-code\strange-code.csproj", "{AA9F711C-66BA-494F-8796-8E4C885F1250}"
EndProject
Global
	GlobalSection(SolutionConfigurationPlatforms) = preSolution
		Debug|Any CPU = Debug|Any CPU
		Release|Any CPU = Release|Any CPU
	EndGlobalSection
	GlobalSection(ProjectConfigurationPlatforms) = postSolution
		{AA9F711C-66BA-494F-8796-8E4C885F1250}.Debug|Any CPU.ActiveCfg = Debug|Any CPU
		{AA9F711C-66BA-494F-8796-8E4C885F1250}.Debug|Any CPU.Build.0 = Debug|Any CPU
		{AA9F711C-66BA-494F-8796-8E4C885F1250}.Release|Any CPU.ActiveCfg = Release|Any CPU
		{AA9F711C-66BA-494F-8796-8E4C885F1250}.Release|Any CPU.Build.0 = Release|Any CPU
	EndGlobalSection
	GlobalSection(SolutionProperties) = preSolution
		HideSolutionNode = FALSE
	EndGlobalSection
	GlobalSection(ExtensibilityGlobals) = postSolution
		SolutionGuid = {1B7DC507-8051-4329-8A67-29937B39A677}
	EndGlobalSection
EndGlobal
