
Microsoft Visual Studio Solution File, Format Version 12.00
# Visual Studio Version 17
VisualStudioVersion = 17.9.34728.123
MinimumVisualStudioVersion = 10.0.40219.1
Project("{FAE04EC0-301F-11D3-BF4B-00C04F79EFBC}") = "Angry Professor", "Angry Professor\Angry Professor.csproj", "{D0C9C462-BEDC-499C-957F-AA49FDBC5E05}"
EndProject
Global
	GlobalSection(SolutionConfigurationPlatforms) = preSolution
		Debug|Any CPU = Debug|Any CPU
		Release|Any CPU = Release|Any CPU
	EndGlobalSection
	GlobalSection(ProjectConfigurationPlatforms) = postSolution
		{D0C9C462-BEDC-499C-957F-AA49FDBC5E05}.Debug|Any CPU.ActiveCfg = Debug|Any CPU
		{D0C9C462-BEDC-499C-957F-AA49FDBC5E05}.Debug|Any CPU.Build.0 = Debug|Any CPU
		{D0C9C462-BEDC-499C-957F-AA49FDBC5E05}.Release|Any CPU.ActiveCfg = Release|Any CPU
		{D0C9C462-BEDC-499C-957F-AA49FDBC5E05}.Release|Any CPU.Build.0 = Release|Any CPU
	EndGlobalSection
	GlobalSection(SolutionProperties) = preSolution
		HideSolutionNode = FALSE
	EndGlobalSection
	GlobalSection(ExtensibilityGlobals) = postSolution
		SolutionGuid = {45D3C4C5-121C-4F14-B8EA-D2C33E199793}
	EndGlobalSection
EndGlobal
