
Microsoft Visual Studio Solution File, Format Version 12.00
# Visual Studio Version 17
VisualStudioVersion = 17.9.34728.123
MinimumVisualStudioVersion = 10.0.40219.1
Project("{FAE04EC0-301F-11D3-BF4B-00C04F79EFBC}") = "queensAttack", "queensAttack\queensAttack.csproj", "{DF3218A9-26E8-4271-9E61-CCCB94DCFF79}"
EndProject
Global
	GlobalSection(SolutionConfigurationPlatforms) = preSolution
		Debug|Any CPU = Debug|Any CPU
		Release|Any CPU = Release|Any CPU
	EndGlobalSection
	GlobalSection(ProjectConfigurationPlatforms) = postSolution
		{DF3218A9-26E8-4271-9E61-CCCB94DCFF79}.Debug|Any CPU.ActiveCfg = Debug|Any CPU
		{DF3218A9-26E8-4271-9E61-CCCB94DCFF79}.Debug|Any CPU.Build.0 = Debug|Any CPU
		{DF3218A9-26E8-4271-9E61-CCCB94DCFF79}.Release|Any CPU.ActiveCfg = Release|Any CPU
		{DF3218A9-26E8-4271-9E61-CCCB94DCFF79}.Release|Any CPU.Build.0 = Release|Any CPU
	EndGlobalSection
	GlobalSection(SolutionProperties) = preSolution
		HideSolutionNode = FALSE
	EndGlobalSection
	GlobalSection(ExtensibilityGlobals) = postSolution
		SolutionGuid = {293D177B-6EF3-4204-B812-460CA83DAB76}
	EndGlobalSection
EndGlobal
