
Microsoft Visual Studio Solution File, Format Version 12.00
# Visual Studio Version 17
VisualStudioVersion = 17.9.34728.123
MinimumVisualStudioVersion = 10.0.40219.1
Project("{FAE04EC0-301F-11D3-BF4B-00C04F79EFBC}") = "lisa-workbook", "lisa-workbook\lisa-workbook.csproj", "{2A926BBD-57BB-499D-881E-3D356BC3F4FE}"
EndProject
Global
	GlobalSection(SolutionConfigurationPlatforms) = preSolution
		Debug|Any CPU = Debug|Any CPU
		Release|Any CPU = Release|Any CPU
	EndGlobalSection
	GlobalSection(ProjectConfigurationPlatforms) = postSolution
		{2A926BBD-57BB-499D-881E-3D356BC3F4FE}.Debug|Any CPU.ActiveCfg = Debug|Any CPU
		{2A926BBD-57BB-499D-881E-3D356BC3F4FE}.Debug|Any CPU.Build.0 = Debug|Any CPU
		{2A926BBD-57BB-499D-881E-3D356BC3F4FE}.Release|Any CPU.ActiveCfg = Release|Any CPU
		{2A926BBD-57BB-499D-881E-3D356BC3F4FE}.Release|Any CPU.Build.0 = Release|Any CPU
	EndGlobalSection
	GlobalSection(SolutionProperties) = preSolution
		HideSolutionNode = FALSE
	EndGlobalSection
	GlobalSection(ExtensibilityGlobals) = postSolution
		SolutionGuid = {F163B0CA-15B0-4067-8725-B2739BA83C73}
	EndGlobalSection
EndGlobal
