
Microsoft Visual Studio Solution File, Format Version 12.00
# Visual Studio Version 17
VisualStudioVersion = 17.9.34728.123
MinimumVisualStudioVersion = 10.0.40219.1
Project("{FAE04EC0-301F-11D3-BF4B-00C04F79EFBC}") = "organizing-containers-of-balls", "organizing-containers-of-balls\organizing-containers-of-balls.csproj", "{07004AC0-CD88-4D1A-BA64-80AFC02E6EF6}"
EndProject
Global
	GlobalSection(SolutionConfigurationPlatforms) = preSolution
		Debug|Any CPU = Debug|Any CPU
		Release|Any CPU = Release|Any CPU
	EndGlobalSection
	GlobalSection(ProjectConfigurationPlatforms) = postSolution
		{07004AC0-CD88-4D1A-BA64-80AFC02E6EF6}.Debug|Any CPU.ActiveCfg = Debug|Any CPU
		{07004AC0-CD88-4D1A-BA64-80AFC02E6EF6}.Debug|Any CPU.Build.0 = Debug|Any CPU
		{07004AC0-CD88-4D1A-BA64-80AFC02E6EF6}.Release|Any CPU.ActiveCfg = Release|Any CPU
		{07004AC0-CD88-4D1A-BA64-80AFC02E6EF6}.Release|Any CPU.Build.0 = Release|Any CPU
	EndGlobalSection
	GlobalSection(SolutionProperties) = preSolution
		HideSolutionNode = FALSE
	EndGlobalSection
	GlobalSection(ExtensibilityGlobals) = postSolution
		SolutionGuid = {F0B9F27F-4DEB-4C78-A0D9-70ADB51D2E5B}
	EndGlobalSection
EndGlobal
