
Microsoft Visual Studio Solution File, Format Version 12.00
# Visual Studio Version 17
VisualStudioVersion = 17.9.34728.123
MinimumVisualStudioVersion = 10.0.40219.1
Project("{FAE04EC0-301F-11D3-BF4B-00C04F79EFBC}") = "greedy-florist", "greedy-florist\greedy-florist.csproj", "{2D0AC735-8E35-461F-A6F4-C436FB407A6A}"
EndProject
Global
	GlobalSection(SolutionConfigurationPlatforms) = preSolution
		Debug|Any CPU = Debug|Any CPU
		Release|Any CPU = Release|Any CPU
	EndGlobalSection
	GlobalSection(ProjectConfigurationPlatforms) = postSolution
		{2D0AC735-8E35-461F-A6F4-C436FB407A6A}.Debug|Any CPU.ActiveCfg = Debug|Any CPU
		{2D0AC735-8E35-461F-A6F4-C436FB407A6A}.Debug|Any CPU.Build.0 = Debug|Any CPU
		{2D0AC735-8E35-461F-A6F4-C436FB407A6A}.Release|Any CPU.ActiveCfg = Release|Any CPU
		{2D0AC735-8E35-461F-A6F4-C436FB407A6A}.Release|Any CPU.Build.0 = Release|Any CPU
	EndGlobalSection
	GlobalSection(SolutionProperties) = preSolution
		HideSolutionNode = FALSE
	EndGlobalSection
	GlobalSection(ExtensibilityGlobals) = postSolution
		SolutionGuid = {90FB510B-4304-4339-BD52-CBA8AA60B8EE}
	EndGlobalSection
EndGlobal
