
Microsoft Visual Studio Solution File, Format Version 12.00
# Visual Studio Version 17
VisualStudioVersion = 17.14.36109.1 d17.14
MinimumVisualStudioVersion = 10.0.40219.1
Project("{FAE04EC0-301F-11D3-BF4B-00C04F79EFBC}") = "Clues on a Binary Path", "Clues on a Binary Path\Clues on a Binary Path.csproj", "{D6959B90-176F-487E-9683-F53ADB31C04D}"
EndProject
Global
	GlobalSection(SolutionConfigurationPlatforms) = preSolution
		Debug|Any CPU = Debug|Any CPU
		Release|Any CPU = Release|Any CPU
	EndGlobalSection
	GlobalSection(ProjectConfigurationPlatforms) = postSolution
		{D6959B90-176F-487E-9683-F53ADB31C04D}.Debug|Any CPU.ActiveCfg = Debug|Any CPU
		{D6959B90-176F-487E-9683-F53ADB31C04D}.Debug|Any CPU.Build.0 = Debug|Any CPU
		{D6959B90-176F-487E-9683-F53ADB31C04D}.Release|Any CPU.ActiveCfg = Release|Any CPU
		{D6959B90-176F-487E-9683-F53ADB31C04D}.Release|Any CPU.Build.0 = Release|Any CPU
	EndGlobalSection
	GlobalSection(SolutionProperties) = preSolution
		HideSolutionNode = FALSE
	EndGlobalSection
	GlobalSection(ExtensibilityGlobals) = postSolution
		SolutionGuid = {F1A12625-715B-4B95-BF2B-CA77D86B34AC}
	EndGlobalSection
EndGlobal
