
Microsoft Visual Studio Solution File, Format Version 12.00
# Visual Studio Version 17
VisualStudioVersion = 17.9.34728.123
MinimumVisualStudioVersion = 10.0.40219.1
Project("{FAE04EC0-301F-11D3-BF4B-00C04F79EFBC}") = "beautiful-triplets", "beautiful-triplets\beautiful-triplets.csproj", "{DDA4892C-7CD3-47F8-9353-8585DF888E41}"
EndProject
Global
	GlobalSection(SolutionConfigurationPlatforms) = preSolution
		Debug|Any CPU = Debug|Any CPU
		Release|Any CPU = Release|Any CPU
	EndGlobalSection
	GlobalSection(ProjectConfigurationPlatforms) = postSolution
		{DDA4892C-7CD3-47F8-9353-8585DF888E41}.Debug|Any CPU.ActiveCfg = Debug|Any CPU
		{DDA4892C-7CD3-47F8-9353-8585DF888E41}.Debug|Any CPU.Build.0 = Debug|Any CPU
		{DDA4892C-7CD3-47F8-9353-8585DF888E41}.Release|Any CPU.ActiveCfg = Release|Any CPU
		{DDA4892C-7CD3-47F8-9353-8585DF888E41}.Release|Any CPU.Build.0 = Release|Any CPU
	EndGlobalSection
	GlobalSection(SolutionProperties) = preSolution
		HideSolutionNode = FALSE
	EndGlobalSection
	GlobalSection(ExtensibilityGlobals) = postSolution
		SolutionGuid = {4FE2F9B8-0927-42CF-8BC8-8114CEB95EDC}
	EndGlobalSection
EndGlobal
