
Microsoft Visual Studio Solution File, Format Version 12.00
# Visual Studio Version 17
VisualStudioVersion = 17.14.36109.1 d17.14
MinimumVisualStudioVersion = 10.0.40219.1
Project("{FAE04EC0-301F-11D3-BF4B-00C04F79EFBC}") = "Breaking the Records", "Breaking the Records\Breaking the Records.csproj", "{431F5F03-6C98-43C1-ADFB-5BEF1F27B6D3}"
EndProject
Global
	GlobalSection(SolutionConfigurationPlatforms) = preSolution
		Debug|Any CPU = Debug|Any CPU
		Release|Any CPU = Release|Any CPU
	EndGlobalSection
	GlobalSection(ProjectConfigurationPlatforms) = postSolution
		{431F5F03-6C98-43C1-ADFB-5BEF1F27B6D3}.Debug|Any CPU.ActiveCfg = Debug|Any CPU
		{431F5F03-6C98-43C1-ADFB-5BEF1F27B6D3}.Debug|Any CPU.Build.0 = Debug|Any CPU
		{431F5F03-6C98-43C1-ADFB-5BEF1F27B6D3}.Release|Any CPU.ActiveCfg = Release|Any CPU
		{431F5F03-6C98-43C1-ADFB-5BEF1F27B6D3}.Release|Any CPU.Build.0 = Release|Any CPU
	EndGlobalSection
	GlobalSection(SolutionProperties) = preSolution
		HideSolutionNode = FALSE
	EndGlobalSection
	GlobalSection(ExtensibilityGlobals) = postSolution
		SolutionGuid = {7B656B64-84B9-407A-8EE3-FC334FF7FDBD}
	EndGlobalSection
EndGlobal
