
Microsoft Visual Studio Solution File, Format Version 12.00
# Visual Studio Version 17
VisualStudioVersion = 17.9.34728.123
MinimumVisualStudioVersion = 10.0.40219.1
Project("{FAE04EC0-301F-11D3-BF4B-00C04F79EFBC}") = "mark-and-toys", "mark-and-toys\mark-and-toys.csproj", "{359D368B-44C1-46C4-957D-9176125CE612}"
EndProject
Global
	GlobalSection(SolutionConfigurationPlatforms) = preSolution
		Debug|Any CPU = Debug|Any CPU
		Release|Any CPU = Release|Any CPU
	EndGlobalSection
	GlobalSection(ProjectConfigurationPlatforms) = postSolution
		{359D368B-44C1-46C4-957D-9176125CE612}.Debug|Any CPU.ActiveCfg = Debug|Any CPU
		{359D368B-44C1-46C4-957D-9176125CE612}.Debug|Any CPU.Build.0 = Debug|Any CPU
		{359D368B-44C1-46C4-957D-9176125CE612}.Release|Any CPU.ActiveCfg = Release|Any CPU
		{359D368B-44C1-46C4-957D-9176125CE612}.Release|Any CPU.Build.0 = Release|Any CPU
	EndGlobalSection
	GlobalSection(SolutionProperties) = preSolution
		HideSolutionNode = FALSE
	EndGlobalSection
	GlobalSection(ExtensibilityGlobals) = postSolution
		SolutionGuid = {DBCBE28B-F954-42EB-B484-BA366DD82063}
	EndGlobalSection
EndGlobal
