
Microsoft Visual Studio Solution File, Format Version 12.00
# Visual Studio Version 17
VisualStudioVersion = 17.9.34728.123
MinimumVisualStudioVersion = 10.0.40219.1
Project("{FAE04EC0-301F-11D3-BF4B-00C04F79EFBC}") = "The Hurdle Race", "The Hurdle Race\The Hurdle Race.csproj", "{CEAE9505-74BF-40A7-9BD1-2691EEFCDAC5}"
EndProject
Global
	GlobalSection(SolutionConfigurationPlatforms) = preSolution
		Debug|Any CPU = Debug|Any CPU
		Release|Any CPU = Release|Any CPU
	EndGlobalSection
	GlobalSection(ProjectConfigurationPlatforms) = postSolution
		{CEAE9505-74BF-40A7-9BD1-2691EEFCDAC5}.Debug|Any CPU.ActiveCfg = Debug|Any CPU
		{CEAE9505-74BF-40A7-9BD1-2691EEFCDAC5}.Debug|Any CPU.Build.0 = Debug|Any CPU
		{CEAE9505-74BF-40A7-9BD1-2691EEFCDAC5}.Release|Any CPU.ActiveCfg = Release|Any CPU
		{CEAE9505-74BF-40A7-9BD1-2691EEFCDAC5}.Release|Any CPU.Build.0 = Release|Any CPU
	EndGlobalSection
	GlobalSection(SolutionProperties) = preSolution
		HideSolutionNode = FALSE
	EndGlobalSection
	GlobalSection(ExtensibilityGlobals) = postSolution
		SolutionGuid = {BF833C42-B33D-45AA-B9D0-15BE3F8A2B18}
	EndGlobalSection
EndGlobal
