
Microsoft Visual Studio Solution File, Format Version 12.00
# Visual Studio Version 17
VisualStudioVersion = 17.9.34728.123
MinimumVisualStudioVersion = 10.0.40219.1
Project("{FAE04EC0-301F-11D3-BF4B-00C04F79EFBC}") = "Append and Delete", "Append and Delete\Append and Delete.csproj", "{5519748D-89CD-46C2-B9BD-94F9B29B1997}"
EndProject
Global
	GlobalSection(SolutionConfigurationPlatforms) = preSolution
		Debug|Any CPU = Debug|Any CPU
		Release|Any CPU = Release|Any CPU
	EndGlobalSection
	GlobalSection(ProjectConfigurationPlatforms) = postSolution
		{5519748D-89CD-46C2-B9BD-94F9B29B1997}.Debug|Any CPU.ActiveCfg = Debug|Any CPU
		{5519748D-89CD-46C2-B9BD-94F9B29B1997}.Debug|Any CPU.Build.0 = Debug|Any CPU
		{5519748D-89CD-46C2-B9BD-94F9B29B1997}.Release|Any CPU.ActiveCfg = Release|Any CPU
		{5519748D-89CD-46C2-B9BD-94F9B29B1997}.Release|Any CPU.Build.0 = Release|Any CPU
	EndGlobalSection
	GlobalSection(SolutionProperties) = preSolution
		HideSolutionNode = FALSE
	EndGlobalSection
	GlobalSection(ExtensibilityGlobals) = postSolution
		SolutionGuid = {BF4775A0-B4C0-4CE5-85AB-B28B03BD361F}
	EndGlobalSection
EndGlobal
